
Microsoft Visual Studio Solution File, Format Version 12.00
# Visual Studio Version 16
VisualStudioVersion = 16.0.31019.35
MinimumVisualStudioVersion = 10.0.40219.1
Project("{FAE04EC0-301F-11D3-BF4B-00C04F79EFBC}") = "M17E_Caderneta", "M17E_Caderneta\M17E_Caderneta.csproj", "{D87AC64D-C3E5-402A-A66B-C37C804BA330}"
EndProject
Global
	GlobalSection(SolutionConfigurationPlatforms) = preSolution
		Debug|Any CPU = Debug|Any CPU
		Release|Any CPU = Release|Any CPU
	EndGlobalSection
	GlobalSection(ProjectConfigurationPlatforms) = postSolution
		{D87AC64D-C3E5-402A-A66B-C37C804BA330}.Debug|Any CPU.ActiveCfg = Debug|Any CPU
		{D87AC64D-C3E5-402A-A66B-C37C804BA330}.Debug|Any CPU.Build.0 = Debug|Any CPU
		{D87AC64D-C3E5-402A-A66B-C37C804BA330}.Release|Any CPU.ActiveCfg = Release|Any CPU
		{D87AC64D-C3E5-402A-A66B-C37C804BA330}.Release|Any CPU.Build.0 = Release|Any CPU
	EndGlobalSection
	GlobalSection(SolutionProperties) = preSolution
		HideSolutionNode = FALSE
	EndGlobalSection
	GlobalSection(ExtensibilityGlobals) = postSolution
		SolutionGuid = {F38BEFA2-0CE8-4A78-AE36-1B811BE0BD52}
	EndGlobalSection
EndGlobal
